
Microsoft Visual Studio Solution File, Format Version 12.00
# Visual Studio Version 17
VisualStudioVersion = 17.7.34202.233
MinimumVisualStudioVersion = 10.0.40219.1
Project("{9A19103F-16F7-4668-BE54-9A1E7A4F7556}") = "TypesAndVariables", "TypesAndVariables\TypesAndVariables.csproj", "{5154F48F-48DF-4A6F-8729-E873D219AA56}"
EndProject
Project("{9A19103F-16F7-4668-BE54-9A1E7A4F7556}") = "Conditionals", "Conditionals\Conditionals.csproj", "{680B111D-9F43-4B9F-B64A-ADFB4A298BAC}"
EndProject
Project("{9A19103F-16F7-4668-BE54-9A1E7A4F7556}") = "Methods", "Methods\Methods.csproj", "{3D1EA9D3-C470-44EB-834B-56A5C0F175D3}"
EndProject
Project("{9A19103F-16F7-4668-BE54-9A1E7A4F7556}") = "Arrays", "Arrays\Arrays.csproj", "{905012C4-9A98-45AE-84AE-2F317830128C}"
EndProject
Project("{9A19103F-16F7-4668-BE54-9A1E7A4F7556}") = "Loops", "Loops\Loops.csproj", "{9605FFFC-9AB4-48F5-88BD-AF6610554820}"
EndProject
Project("{9A19103F-16F7-4668-BE54-9A1E7A4F7556}") = "Strings", "Strings\Strings.csproj", "{7A06C342-BB2D-45D2-A0BF-6135BF263F7A}"
EndProject
Project("{9A19103F-16F7-4668-BE54-9A1E7A4F7556}") = "Classes", "Classes\Classes.csproj", "{4212BCFF-3A29-4B5A-B2F7-2986E55ED141}"
EndProject
Project("{9A19103F-16F7-4668-BE54-9A1E7A4F7556}") = "25.10.2023 Ders", "25.10.2023 Ders\25.10.2023 Ders.csproj", "{82FE4E22-C6E3-4B95-9A5B-6EE27F0BFA2D}"
EndProject
Project("{FAE04EC0-301F-11D3-BF4B-00C04F79EFBC}") = "RecapDemo", "RecapDemo\RecapDemo.csproj", "{3BDF1E24-D90F-4507-9FFC-3A0796432B01}"
EndProject
Project("{FAE04EC0-301F-11D3-BF4B-00C04F79EFBC}") = "Interfaces", "Interfaces\Interfaces.csproj", "{9D669DF0-F61A-4D3B-8457-F5E85C956BAF}"
EndProject
Project("{FAE04EC0-301F-11D3-BF4B-00C04F79EFBC}") = "InterfacesDemo", "InterfacesDemo\InterfacesDemo.csproj", "{769396B6-1FFF-4726-A97C-563AB5EE8669}"
EndProject
Global
	GlobalSection(SolutionConfigurationPlatforms) = preSolution
		Debug|Any CPU = Debug|Any CPU
		Release|Any CPU = Release|Any CPU
	EndGlobalSection
	GlobalSection(ProjectConfigurationPlatforms) = postSolution
		{5154F48F-48DF-4A6F-8729-E873D219AA56}.Debug|Any CPU.ActiveCfg = Debug|Any CPU
		{5154F48F-48DF-4A6F-8729-E873D219AA56}.Debug|Any CPU.Build.0 = Debug|Any CPU
		{5154F48F-48DF-4A6F-8729-E873D219AA56}.Release|Any CPU.ActiveCfg = Release|Any CPU
		{5154F48F-48DF-4A6F-8729-E873D219AA56}.Release|Any CPU.Build.0 = Release|Any CPU
		{680B111D-9F43-4B9F-B64A-ADFB4A298BAC}.Debug|Any CPU.ActiveCfg = Debug|Any CPU
		{680B111D-9F43-4B9F-B64A-ADFB4A298BAC}.Debug|Any CPU.Build.0 = Debug|Any CPU
		{680B111D-9F43-4B9F-B64A-ADFB4A298BAC}.Release|Any CPU.ActiveCfg = Release|Any CPU
		{680B111D-9F43-4B9F-B64A-ADFB4A298BAC}.Release|Any CPU.Build.0 = Release|Any CPU
		{3D1EA9D3-C470-44EB-834B-56A5C0F175D3}.Debug|Any CPU.ActiveCfg = Debug|Any CPU
		{3D1EA9D3-C470-44EB-834B-56A5C0F175D3}.Debug|Any CPU.Build.0 = Debug|Any CPU
		{3D1EA9D3-C470-44EB-834B-56A5C0F175D3}.Release|Any CPU.ActiveCfg = Release|Any CPU
		{3D1EA9D3-C470-44EB-834B-56A5C0F175D3}.Release|Any CPU.Build.0 = Release|Any CPU
		{905012C4-9A98-45AE-84AE-2F317830128C}.Debug|Any CPU.ActiveCfg = Debug|Any CPU
		{905012C4-9A98-45AE-84AE-2F317830128C}.Debug|Any CPU.Build.0 = Debug|Any CPU
		{905012C4-9A98-45AE-84AE-2F317830128C}.Release|Any CPU.ActiveCfg = Release|Any CPU
		{905012C4-9A98-45AE-84AE-2F317830128C}.Release|Any CPU.Build.0 = Release|Any CPU
		{9605FFFC-9AB4-48F5-88BD-AF6610554820}.Debug|Any CPU.ActiveCfg = Debug|Any CPU
		{9605FFFC-9AB4-48F5-88BD-AF6610554820}.Debug|Any CPU.Build.0 = Debug|Any CPU
		{9605FFFC-9AB4-48F5-88BD-AF6610554820}.Release|Any CPU.ActiveCfg = Release|Any CPU
		{9605FFFC-9AB4-48F5-88BD-AF6610554820}.Release|Any CPU.Build.0 = Release|Any CPU
		{7A06C342-BB2D-45D2-A0BF-6135BF263F7A}.Debug|Any CPU.ActiveCfg = Debug|Any CPU
		{7A06C342-BB2D-45D2-A0BF-6135BF263F7A}.Debug|Any CPU.Build.0 = Debug|Any CPU
		{7A06C342-BB2D-45D2-A0BF-6135BF263F7A}.Release|Any CPU.ActiveCfg = Release|Any CPU
		{7A06C342-BB2D-45D2-A0BF-6135BF263F7A}.Release|Any CPU.Build.0 = Release|Any CPU
		{4212BCFF-3A29-4B5A-B2F7-2986E55ED141}.Debug|Any CPU.ActiveCfg = Debug|Any CPU
		{4212BCFF-3A29-4B5A-B2F7-2986E55ED141}.Debug|Any CPU.Build.0 = Debug|Any CPU
		{4212BCFF-3A29-4B5A-B2F7-2986E55ED141}.Release|Any CPU.ActiveCfg = Release|Any CPU
		{4212BCFF-3A29-4B5A-B2F7-2986E55ED141}.Release|Any CPU.Build.0 = Release|Any CPU
		{82FE4E22-C6E3-4B95-9A5B-6EE27F0BFA2D}.Debug|Any CPU.ActiveCfg = Debug|Any CPU
		{82FE4E22-C6E3-4B95-9A5B-6EE27F0BFA2D}.Debug|Any CPU.Build.0 = Debug|Any CPU
		{82FE4E22-C6E3-4B95-9A5B-6EE27F0BFA2D}.Release|Any CPU.ActiveCfg = Release|Any CPU
		{82FE4E22-C6E3-4B95-9A5B-6EE27F0BFA2D}.Release|Any CPU.Build.0 = Release|Any CPU
		{3BDF1E24-D90F-4507-9FFC-3A0796432B01}.Debug|Any CPU.ActiveCfg = Debug|Any CPU
		{3BDF1E24-D90F-4507-9FFC-3A0796432B01}.Debug|Any CPU.Build.0 = Debug|Any CPU
		{3BDF1E24-D90F-4507-9FFC-3A0796432B01}.Release|Any CPU.ActiveCfg = Release|Any CPU
		{3BDF1E24-D90F-4507-9FFC-3A0796432B01}.Release|Any CPU.Build.0 = Release|Any CPU
		{9D669DF0-F61A-4D3B-8457-F5E85C956BAF}.Debug|Any CPU.ActiveCfg = Debug|Any CPU
		{9D669DF0-F61A-4D3B-8457-F5E85C956BAF}.Debug|Any CPU.Build.0 = Debug|Any CPU
		{9D669DF0-F61A-4D3B-8457-F5E85C956BAF}.Release|Any CPU.ActiveCfg = Release|Any CPU
		{9D669DF0-F61A-4D3B-8457-F5E85C956BAF}.Release|Any CPU.Build.0 = Release|Any CPU
		{769396B6-1FFF-4726-A97C-563AB5EE8669}.Debug|Any CPU.ActiveCfg = Debug|Any CPU
		{769396B6-1FFF-4726-A97C-563AB5EE8669}.Debug|Any CPU.Build.0 = Debug|Any CPU
		{769396B6-1FFF-4726-A97C-563AB5EE8669}.Release|Any CPU.ActiveCfg = Release|Any CPU
		{769396B6-1FFF-4726-A97C-563AB5EE8669}.Release|Any CPU.Build.0 = Release|Any CPU
	EndGlobalSection
	GlobalSection(SolutionProperties) = preSolution
		HideSolutionNode = FALSE
	EndGlobalSection
	GlobalSection(ExtensibilityGlobals) = postSolution
		SolutionGuid = {8CEAB910-B164-4C2E-8142-96FD66030254}
	EndGlobalSection
EndGlobal
